
Microsoft Visual Studio Solution File, Format Version 12.00
# Visual Studio Version 17
VisualStudioVersion = 17.3.32819.101
MinimumVisualStudioVersion = 10.0.40219.1
Project("{FAE04EC0-301F-11D3-BF4B-00C04F79EFBC}") = "cclearncp3", "cclearncp3\cclearncp3.csproj", "{856F0716-ABFF-4911-8D35-DA40B02A2F0A}"
EndProject
Global
	GlobalSection(SolutionConfigurationPlatforms) = preSolution
		Debug|Any CPU = Debug|Any CPU
		Release|Any CPU = Release|Any CPU
	EndGlobalSection
	GlobalSection(ProjectConfigurationPlatforms) = postSolution
		{856F0716-ABFF-4911-8D35-DA40B02A2F0A}.Debug|Any CPU.ActiveCfg = Debug|Any CPU
		{856F0716-ABFF-4911-8D35-DA40B02A2F0A}.Debug|Any CPU.Build.0 = Debug|Any CPU
		{856F0716-ABFF-4911-8D35-DA40B02A2F0A}.Release|Any CPU.ActiveCfg = Release|Any CPU
		{856F0716-ABFF-4911-8D35-DA40B02A2F0A}.Release|Any CPU.Build.0 = Release|Any CPU
	EndGlobalSection
	GlobalSection(SolutionProperties) = preSolution
		HideSolutionNode = FALSE
	EndGlobalSection
	GlobalSection(ExtensibilityGlobals) = postSolution
		SolutionGuid = {501A3B4B-3EA0-41CF-A89A-60F984E4F411}
	EndGlobalSection
EndGlobal
